
Microsoft Visual Studio Solution File, Format Version 12.00
# Visual Studio Version 17
VisualStudioVersion = 17.11.35327.3
MinimumVisualStudioVersion = 10.0.40219.1
Project("{2150E333-8FDC-42A3-9474-1A3956D46DE8}") = "Task0", "Task0", "{84727A6B-1D5B-495A-99E2-9C1B826F4995}"
EndProject
Project("{9A19103F-16F7-4668-BE54-9A1E7A4F7556}") = "Tyuiu.NazarenkoVV.Sprint2.Task0.V7", "Tyuiu.NazarenkoVV.Sprint2.Task0.V7\Tyuiu.NazarenkoVV.Sprint2.Task0.V7.csproj", "{B46A320D-CF81-45F1-A5D4-46BA52BBBD42}"
EndProject
Project("{9A19103F-16F7-4668-BE54-9A1E7A4F7556}") = "Tyuiu.NazarenkoVV.Sprint2.Task0.V7.Lib", "Tyuiu.NazarenkoVV.Sprint2.Task0.V7.Lib\Tyuiu.NazarenkoVV.Sprint2.Task0.V7.Lib.csproj", "{33F2B39C-2D9D-4CF3-9C0C-4867602C7454}"
EndProject
Project("{9A19103F-16F7-4668-BE54-9A1E7A4F7556}") = "Tyuiu.NazarenkoVV.Sprint2.Task0.V7.Test", "Tyuiu.NazarenkoVV.Sprint2.Task0.V7.Test\Tyuiu.NazarenkoVV.Sprint2.Task0.V7.Test.csproj", "{FE0C21BD-F812-49B0-BF92-F4374DFAD467}"
EndProject
Project("{2150E333-8FDC-42A3-9474-1A3956D46DE8}") = "Task1", "Task1", "{5C0F0A19-8885-47AE-82DF-9D6218D9828F}"
EndProject
Project("{9A19103F-16F7-4668-BE54-9A1E7A4F7556}") = "Tyuiu.NazarenkoVV.Sprint2.Task1.V3", "Tyuiu.NazarenkoVV.Sprint2.Task1.V3\Tyuiu.NazarenkoVV.Sprint2.Task1.V3.csproj", "{3CFDB798-A9A3-4673-B5C0-F760E1E3C063}"
EndProject
Project("{9A19103F-16F7-4668-BE54-9A1E7A4F7556}") = "Tyuiu.NazarenkoVV.Sprint2.Task1.V3.Lib", "Tyuiu.NazarenkoVV.Sprint2.Task1.V3.Lib\Tyuiu.NazarenkoVV.Sprint2.Task1.V3.Lib.csproj", "{15E31478-6438-46D7-BF91-74742756D5FF}"
EndProject
Project("{9A19103F-16F7-4668-BE54-9A1E7A4F7556}") = "Tyuiu.NazarenkoVV.Sprint2.Task1.V3.Test", "Tyuiu.NazarenkoVV.Sprint2.Task1.V3.Test\Tyuiu.NazarenkoVV.Sprint2.Task1.V3.Test.csproj", "{D6D96B47-D24B-45AD-A564-DA57C025EA81}"
EndProject
Project("{2150E333-8FDC-42A3-9474-1A3956D46DE8}") = "Task2", "Task2", "{A551C833-2717-4B9A-8507-DBECD539FA87}"
EndProject
Project("{9A19103F-16F7-4668-BE54-9A1E7A4F7556}") = "Tyuiu.NazarenkoVV.Sprint2.Task2.V10", "Tyuiu.NazarenkoVV.Sprint2.Task2.V10\Tyuiu.NazarenkoVV.Sprint2.Task2.V10.csproj", "{E9648660-3841-4104-B48A-98C5A9532A1D}"
EndProject
Project("{9A19103F-16F7-4668-BE54-9A1E7A4F7556}") = "Tyuiu.NazarenkoVV.Sprint2.Task2.V10.Lib", "Tyuiu.NazarenkoVV.Sprint2.Task2.V10.Lib\Tyuiu.NazarenkoVV.Sprint2.Task2.V10.Lib.csproj", "{EEE4B4C9-6E1B-4A2C-833F-27ADB9AA41A3}"
EndProject
Project("{9A19103F-16F7-4668-BE54-9A1E7A4F7556}") = "Tyuiu.NazarenkoVV.Sprint2.Task2.V10.Test", "Tyuiu.NazarenkoVV.Sprint2.Task2.V10.Test\Tyuiu.NazarenkoVV.Sprint2.Task2.V10.Test.csproj", "{05F020F1-54AE-458A-A7F4-BFFB53510FA7}"
EndProject
Project("{2150E333-8FDC-42A3-9474-1A3956D46DE8}") = "Task3", "Task3", "{CDD85B23-7B21-4EFA-8CA4-712156063348}"
EndProject
Project("{9A19103F-16F7-4668-BE54-9A1E7A4F7556}") = "Tyuiu.NazarenkoVV.Sprint2.Task3.V18", "Tyuiu.NazarenkoVV.Sprint2.Task3.V18\Tyuiu.NazarenkoVV.Sprint2.Task3.V18.csproj", "{9EDAFB12-CD99-44D9-A4A4-EE59BA1FD069}"
EndProject
Project("{9A19103F-16F7-4668-BE54-9A1E7A4F7556}") = "Tyuiu.NazarenkoVV.Sprint2.Task3.V18.Lib", "Tyuiu.NazarenkoVV.Sprint2.Task3.V18.Lib\Tyuiu.NazarenkoVV.Sprint2.Task3.V18.Lib.csproj", "{62F19642-C032-4846-9522-3D5DF406251D}"
EndProject
Project("{9A19103F-16F7-4668-BE54-9A1E7A4F7556}") = "Tyuiu.NazarenkoVV.Sprint2.Task3.V18.Test", "Tyuiu.NazarenkoVV.Sprint2.Task3.V18.Test\Tyuiu.NazarenkoVV.Sprint2.Task3.V18.Test.csproj", "{43A9F41E-CF43-4A7E-9613-3C7A48D40F39}"
EndProject
Project("{2150E333-8FDC-42A3-9474-1A3956D46DE8}") = "Task4", "Task4", "{EBB9652B-E5FE-401C-9C15-5A2141CC1E4C}"
EndProject
Project("{9A19103F-16F7-4668-BE54-9A1E7A4F7556}") = "Tyuiu.NazarenkoVV.Sprint2.Task4.V17", "Tyuiu.NazarenkoVV.Sprint2.Task4.V17\Tyuiu.NazarenkoVV.Sprint2.Task4.V17.csproj", "{E3353A70-B3E3-42F7-B869-36999AD85EFD}"
EndProject
Project("{9A19103F-16F7-4668-BE54-9A1E7A4F7556}") = "Tyuiu.NazarenkoVV.Sprint2.Task4.V17.Lib", "Tyuiu.NazarenkoVV.Sprint2.Task4.V17.Lib\Tyuiu.NazarenkoVV.Sprint2.Task4.V17.Lib.csproj", "{AEB5D6D2-9CC3-4AFC-A36A-9656E980736E}"
EndProject
Project("{9A19103F-16F7-4668-BE54-9A1E7A4F7556}") = "Tyuiu.NazarenkoVV.Sprint2.Task4.V17.Test", "Tyuiu.NazarenkoVV.Sprint2.Task4.V17.Test\Tyuiu.NazarenkoVV.Sprint2.Task4.V17.Test.csproj", "{9AD02807-8B43-4E7A-B4F6-869DEA9CCE09}"
EndProject
Project("{2150E333-8FDC-42A3-9474-1A3956D46DE8}") = "Task5", "Task5", "{59FAF754-A197-476A-A03E-93636C56EF03}"
EndProject
Project("{9A19103F-16F7-4668-BE54-9A1E7A4F7556}") = "Tyuiu.NazarenkoVV.Sprint2.Task5.V9", "Tyuiu.NazarenkoVV.Sprint2.Task5.V9\Tyuiu.NazarenkoVV.Sprint2.Task5.V9.csproj", "{125876F7-D040-4DD3-8036-C248F36FCA8E}"
EndProject
Project("{9A19103F-16F7-4668-BE54-9A1E7A4F7556}") = "Tyuiu.NazarenkoVV.Sprint2.Task5.V9.Lib", "Tyuiu.NazarenkoVV.Sprint2.Task5.V9.Lib\Tyuiu.NazarenkoVV.Sprint2.Task5.V9.Lib.csproj", "{3680599C-A517-478B-9EEA-F92B3C698820}"
EndProject
Project("{9A19103F-16F7-4668-BE54-9A1E7A4F7556}") = "Tyuiu.NazarenkoVV.Sprint2.Task5.V9.Test", "Tyuiu.NazarenkoVV.Sprint2.Task5.V9.Test\Tyuiu.NazarenkoVV.Sprint2.Task5.V9.Test.csproj", "{11A4DE6F-1A3C-4C51-8628-2A1DB9960EA7}"
EndProject
Project("{2150E333-8FDC-42A3-9474-1A3956D46DE8}") = "Task6", "Task6", "{19C31C01-DDB4-411B-B571-283E149242BE}"
EndProject
Project("{9A19103F-16F7-4668-BE54-9A1E7A4F7556}") = "Tyuiu.NazarenkoVV.Sprint2.Task6.V5", "Tyuiu.NazarenkoVV.Sprint2.Task6.V5\Tyuiu.NazarenkoVV.Sprint2.Task6.V5.csproj", "{90AC1BE6-140E-41BF-B76F-193EC754CA5E}"
EndProject
Project("{9A19103F-16F7-4668-BE54-9A1E7A4F7556}") = "Tyuiu.NazarenkoVV.Sprint2.Task6.V5.Lib", "Tyuiu.NazarenkoVV.Sprint2.Task6.V5.Lib\Tyuiu.NazarenkoVV.Sprint2.Task6.V5.Lib.csproj", "{37CB2F99-A9A1-4EA6-B409-35BC83B170E3}"
EndProject
Project("{9A19103F-16F7-4668-BE54-9A1E7A4F7556}") = "Tyuiu.NazarenkoVV.Sprint2.Task6.V5.Test", "Tyuiu.NazarenkoVV.Sprint2.Task6.V5.Test\Tyuiu.NazarenkoVV.Sprint2.Task6.V5.Test.csproj", "{991E3D62-00F5-4474-8ABB-0B9C3086EED7}"
EndProject
Project("{2150E333-8FDC-42A3-9474-1A3956D46DE8}") = "Task7", "Task7", "{FE514CA3-6261-4EC4-ADA6-CF9ABA7C7480}"
EndProject
Project("{FAE04EC0-301F-11D3-BF4B-00C04F79EFBC}") = "Tyuiu.NazarenkoVV.Sprint2.Task7.V15", "Tyuiu.NazarenkoVV.Sprint2.Task7.V15\Tyuiu.NazarenkoVV.Sprint2.Task7.V15.csproj", "{EF58A821-55D4-4476-9B65-CA095676A253}"
EndProject
Project("{FAE04EC0-301F-11D3-BF4B-00C04F79EFBC}") = "Tyuiu.NazarenkoVV.Sprint2.Task7.V15.Lib", "Tyuiu.NazarenkoVV.Sprint2.Task7.V15.Lib\Tyuiu.NazarenkoVV.Sprint2.Task7.V15.Lib.csproj", "{E801DB8D-8E98-4B75-97CA-0E369EE1BD9D}"
EndProject
Project("{FAE04EC0-301F-11D3-BF4B-00C04F79EFBC}") = "Tyuiu.NazarenkoVV.Sprint2.Task7.V15.Test", "Tyuiu.NazarenkoVV.Sprint2.Task7.V15.Test\Tyuiu.NazarenkoVV.Sprint2.Task7.V15.Test.csproj", "{9B9652B9-F54E-4DD3-8735-52252825454E}"
EndProject
Global
	GlobalSection(SolutionConfigurationPlatforms) = preSolution
		Debug|Any CPU = Debug|Any CPU
		Release|Any CPU = Release|Any CPU
	EndGlobalSection
	GlobalSection(ProjectConfigurationPlatforms) = postSolution
		{B46A320D-CF81-45F1-A5D4-46BA52BBBD42}.Debug|Any CPU.ActiveCfg = Debug|Any CPU
		{B46A320D-CF81-45F1-A5D4-46BA52BBBD42}.Debug|Any CPU.Build.0 = Debug|Any CPU
		{B46A320D-CF81-45F1-A5D4-46BA52BBBD42}.Release|Any CPU.ActiveCfg = Release|Any CPU
		{B46A320D-CF81-45F1-A5D4-46BA52BBBD42}.Release|Any CPU.Build.0 = Release|Any CPU
		{33F2B39C-2D9D-4CF3-9C0C-4867602C7454}.Debug|Any CPU.ActiveCfg = Debug|Any CPU
		{33F2B39C-2D9D-4CF3-9C0C-4867602C7454}.Debug|Any CPU.Build.0 = Debug|Any CPU
		{33F2B39C-2D9D-4CF3-9C0C-4867602C7454}.Release|Any CPU.ActiveCfg = Release|Any CPU
		{33F2B39C-2D9D-4CF3-9C0C-4867602C7454}.Release|Any CPU.Build.0 = Release|Any CPU
		{FE0C21BD-F812-49B0-BF92-F4374DFAD467}.Debug|Any CPU.ActiveCfg = Debug|Any CPU
		{FE0C21BD-F812-49B0-BF92-F4374DFAD467}.Debug|Any CPU.Build.0 = Debug|Any CPU
		{FE0C21BD-F812-49B0-BF92-F4374DFAD467}.Release|Any CPU.ActiveCfg = Release|Any CPU
		{FE0C21BD-F812-49B0-BF92-F4374DFAD467}.Release|Any CPU.Build.0 = Release|Any CPU
		{3CFDB798-A9A3-4673-B5C0-F760E1E3C063}.Debug|Any CPU.ActiveCfg = Debug|Any CPU
		{3CFDB798-A9A3-4673-B5C0-F760E1E3C063}.Debug|Any CPU.Build.0 = Debug|Any CPU
		{3CFDB798-A9A3-4673-B5C0-F760E1E3C063}.Release|Any CPU.ActiveCfg = Release|Any CPU
		{3CFDB798-A9A3-4673-B5C0-F760E1E3C063}.Release|Any CPU.Build.0 = Release|Any CPU
		{15E31478-6438-46D7-BF91-74742756D5FF}.Debug|Any CPU.ActiveCfg = Debug|Any CPU
		{15E31478-6438-46D7-BF91-74742756D5FF}.Debug|Any CPU.Build.0 = Debug|Any CPU
		{15E31478-6438-46D7-BF91-74742756D5FF}.Release|Any CPU.ActiveCfg = Release|Any CPU
		{15E31478-6438-46D7-BF91-74742756D5FF}.Release|Any CPU.Build.0 = Release|Any CPU
		{D6D96B47-D24B-45AD-A564-DA57C025EA81}.Debug|Any CPU.ActiveCfg = Debug|Any CPU
		{D6D96B47-D24B-45AD-A564-DA57C025EA81}.Debug|Any CPU.Build.0 = Debug|Any CPU
		{D6D96B47-D24B-45AD-A564-DA57C025EA81}.Release|Any CPU.ActiveCfg = Release|Any CPU
		{D6D96B47-D24B-45AD-A564-DA57C025EA81}.Release|Any CPU.Build.0 = Release|Any CPU
		{E9648660-3841-4104-B48A-98C5A9532A1D}.Debug|Any CPU.ActiveCfg = Debug|Any CPU
		{E9648660-3841-4104-B48A-98C5A9532A1D}.Debug|Any CPU.Build.0 = Debug|Any CPU
		{E9648660-3841-4104-B48A-98C5A9532A1D}.Release|Any CPU.ActiveCfg = Release|Any CPU
		{E9648660-3841-4104-B48A-98C5A9532A1D}.Release|Any CPU.Build.0 = Release|Any CPU
		{EEE4B4C9-6E1B-4A2C-833F-27ADB9AA41A3}.Debug|Any CPU.ActiveCfg = Debug|Any CPU
		{EEE4B4C9-6E1B-4A2C-833F-27ADB9AA41A3}.Debug|Any CPU.Build.0 = Debug|Any CPU
		{EEE4B4C9-6E1B-4A2C-833F-27ADB9AA41A3}.Release|Any CPU.ActiveCfg = Release|Any CPU
		{EEE4B4C9-6E1B-4A2C-833F-27ADB9AA41A3}.Release|Any CPU.Build.0 = Release|Any CPU
		{05F020F1-54AE-458A-A7F4-BFFB53510FA7}.Debug|Any CPU.ActiveCfg = Debug|Any CPU
		{05F020F1-54AE-458A-A7F4-BFFB53510FA7}.Debug|Any CPU.Build.0 = Debug|Any CPU
		{05F020F1-54AE-458A-A7F4-BFFB53510FA7}.Release|Any CPU.ActiveCfg = Release|Any CPU
		{05F020F1-54AE-458A-A7F4-BFFB53510FA7}.Release|Any CPU.Build.0 = Release|Any CPU
		{9EDAFB12-CD99-44D9-A4A4-EE59BA1FD069}.Debug|Any CPU.ActiveCfg = Debug|Any CPU
		{9EDAFB12-CD99-44D9-A4A4-EE59BA1FD069}.Debug|Any CPU.Build.0 = Debug|Any CPU
		{9EDAFB12-CD99-44D9-A4A4-EE59BA1FD069}.Release|Any CPU.ActiveCfg = Release|Any CPU
		{9EDAFB12-CD99-44D9-A4A4-EE59BA1FD069}.Release|Any CPU.Build.0 = Release|Any CPU
		{62F19642-C032-4846-9522-3D5DF406251D}.Debug|Any CPU.ActiveCfg = Debug|Any CPU
		{62F19642-C032-4846-9522-3D5DF406251D}.Debug|Any CPU.Build.0 = Debug|Any CPU
		{62F19642-C032-4846-9522-3D5DF406251D}.Release|Any CPU.ActiveCfg = Release|Any CPU
		{62F19642-C032-4846-9522-3D5DF406251D}.Release|Any CPU.Build.0 = Release|Any CPU
		{43A9F41E-CF43-4A7E-9613-3C7A48D40F39}.Debug|Any CPU.ActiveCfg = Debug|Any CPU
		{43A9F41E-CF43-4A7E-9613-3C7A48D40F39}.Debug|Any CPU.Build.0 = Debug|Any CPU
		{43A9F41E-CF43-4A7E-9613-3C7A48D40F39}.Release|Any CPU.ActiveCfg = Release|Any CPU
		{43A9F41E-CF43-4A7E-9613-3C7A48D40F39}.Release|Any CPU.Build.0 = Release|Any CPU
		{E3353A70-B3E3-42F7-B869-36999AD85EFD}.Debug|Any CPU.ActiveCfg = Debug|Any CPU
		{E3353A70-B3E3-42F7-B869-36999AD85EFD}.Debug|Any CPU.Build.0 = Debug|Any CPU
		{E3353A70-B3E3-42F7-B869-36999AD85EFD}.Release|Any CPU.ActiveCfg = Release|Any CPU
		{E3353A70-B3E3-42F7-B869-36999AD85EFD}.Release|Any CPU.Build.0 = Release|Any CPU
		{AEB5D6D2-9CC3-4AFC-A36A-9656E980736E}.Debug|Any CPU.ActiveCfg = Debug|Any CPU
		{AEB5D6D2-9CC3-4AFC-A36A-9656E980736E}.Debug|Any CPU.Build.0 = Debug|Any CPU
		{AEB5D6D2-9CC3-4AFC-A36A-9656E980736E}.Release|Any CPU.ActiveCfg = Release|Any CPU
		{AEB5D6D2-9CC3-4AFC-A36A-9656E980736E}.Release|Any CPU.Build.0 = Release|Any CPU
		{9AD02807-8B43-4E7A-B4F6-869DEA9CCE09}.Debug|Any CPU.ActiveCfg = Debug|Any CPU
		{9AD02807-8B43-4E7A-B4F6-869DEA9CCE09}.Debug|Any CPU.Build.0 = Debug|Any CPU
		{9AD02807-8B43-4E7A-B4F6-869DEA9CCE09}.Release|Any CPU.ActiveCfg = Release|Any CPU
		{9AD02807-8B43-4E7A-B4F6-869DEA9CCE09}.Release|Any CPU.Build.0 = Release|Any CPU
		{125876F7-D040-4DD3-8036-C248F36FCA8E}.Debug|Any CPU.ActiveCfg = Debug|Any CPU
		{125876F7-D040-4DD3-8036-C248F36FCA8E}.Debug|Any CPU.Build.0 = Debug|Any CPU
		{125876F7-D040-4DD3-8036-C248F36FCA8E}.Release|Any CPU.ActiveCfg = Release|Any CPU
		{125876F7-D040-4DD3-8036-C248F36FCA8E}.Release|Any CPU.Build.0 = Release|Any CPU
		{3680599C-A517-478B-9EEA-F92B3C698820}.Debug|Any CPU.ActiveCfg = Debug|Any CPU
		{3680599C-A517-478B-9EEA-F92B3C698820}.Debug|Any CPU.Build.0 = Debug|Any CPU
		{3680599C-A517-478B-9EEA-F92B3C698820}.Release|Any CPU.ActiveCfg = Release|Any CPU
		{3680599C-A517-478B-9EEA-F92B3C698820}.Release|Any CPU.Build.0 = Release|Any CPU
		{11A4DE6F-1A3C-4C51-8628-2A1DB9960EA7}.Debug|Any CPU.ActiveCfg = Debug|Any CPU
		{11A4DE6F-1A3C-4C51-8628-2A1DB9960EA7}.Debug|Any CPU.Build.0 = Debug|Any CPU
		{11A4DE6F-1A3C-4C51-8628-2A1DB9960EA7}.Release|Any CPU.ActiveCfg = Release|Any CPU
		{11A4DE6F-1A3C-4C51-8628-2A1DB9960EA7}.Release|Any CPU.Build.0 = Release|Any CPU
		{90AC1BE6-140E-41BF-B76F-193EC754CA5E}.Debug|Any CPU.ActiveCfg = Debug|Any CPU
		{90AC1BE6-140E-41BF-B76F-193EC754CA5E}.Debug|Any CPU.Build.0 = Debug|Any CPU
		{90AC1BE6-140E-41BF-B76F-193EC754CA5E}.Release|Any CPU.ActiveCfg = Release|Any CPU
		{90AC1BE6-140E-41BF-B76F-193EC754CA5E}.Release|Any CPU.Build.0 = Release|Any CPU
		{37CB2F99-A9A1-4EA6-B409-35BC83B170E3}.Debug|Any CPU.ActiveCfg = Debug|Any CPU
		{37CB2F99-A9A1-4EA6-B409-35BC83B170E3}.Debug|Any CPU.Build.0 = Debug|Any CPU
		{37CB2F99-A9A1-4EA6-B409-35BC83B170E3}.Release|Any CPU.ActiveCfg = Release|Any CPU
		{37CB2F99-A9A1-4EA6-B409-35BC83B170E3}.Release|Any CPU.Build.0 = Release|Any CPU
		{991E3D62-00F5-4474-8ABB-0B9C3086EED7}.Debug|Any CPU.ActiveCfg = Debug|Any CPU
		{991E3D62-00F5-4474-8ABB-0B9C3086EED7}.Debug|Any CPU.Build.0 = Debug|Any CPU
		{991E3D62-00F5-4474-8ABB-0B9C3086EED7}.Release|Any CPU.ActiveCfg = Release|Any CPU
		{991E3D62-00F5-4474-8ABB-0B9C3086EED7}.Release|Any CPU.Build.0 = Release|Any CPU
		{EF58A821-55D4-4476-9B65-CA095676A253}.Debug|Any CPU.ActiveCfg = Debug|Any CPU
		{EF58A821-55D4-4476-9B65-CA095676A253}.Debug|Any CPU.Build.0 = Debug|Any CPU
		{EF58A821-55D4-4476-9B65-CA095676A253}.Release|Any CPU.ActiveCfg = Release|Any CPU
		{EF58A821-55D4-4476-9B65-CA095676A253}.Release|Any CPU.Build.0 = Release|Any CPU
		{E801DB8D-8E98-4B75-97CA-0E369EE1BD9D}.Debug|Any CPU.ActiveCfg = Debug|Any CPU
		{E801DB8D-8E98-4B75-97CA-0E369EE1BD9D}.Debug|Any CPU.Build.0 = Debug|Any CPU
		{E801DB8D-8E98-4B75-97CA-0E369EE1BD9D}.Release|Any CPU.ActiveCfg = Release|Any CPU
		{E801DB8D-8E98-4B75-97CA-0E369EE1BD9D}.Release|Any CPU.Build.0 = Release|Any CPU
		{9B9652B9-F54E-4DD3-8735-52252825454E}.Debug|Any CPU.ActiveCfg = Debug|Any CPU
		{9B9652B9-F54E-4DD3-8735-52252825454E}.Debug|Any CPU.Build.0 = Debug|Any CPU
		{9B9652B9-F54E-4DD3-8735-52252825454E}.Release|Any CPU.ActiveCfg = Release|Any CPU
		{9B9652B9-F54E-4DD3-8735-52252825454E}.Release|Any CPU.Build.0 = Release|Any CPU
	EndGlobalSection
	GlobalSection(SolutionProperties) = preSolution
		HideSolutionNode = FALSE
	EndGlobalSection
	GlobalSection(NestedProjects) = preSolution
		{B46A320D-CF81-45F1-A5D4-46BA52BBBD42} = {84727A6B-1D5B-495A-99E2-9C1B826F4995}
		{33F2B39C-2D9D-4CF3-9C0C-4867602C7454} = {84727A6B-1D5B-495A-99E2-9C1B826F4995}
		{FE0C21BD-F812-49B0-BF92-F4374DFAD467} = {84727A6B-1D5B-495A-99E2-9C1B826F4995}
		{3CFDB798-A9A3-4673-B5C0-F760E1E3C063} = {5C0F0A19-8885-47AE-82DF-9D6218D9828F}
		{15E31478-6438-46D7-BF91-74742756D5FF} = {5C0F0A19-8885-47AE-82DF-9D6218D9828F}
		{D6D96B47-D24B-45AD-A564-DA57C025EA81} = {5C0F0A19-8885-47AE-82DF-9D6218D9828F}
		{E9648660-3841-4104-B48A-98C5A9532A1D} = {A551C833-2717-4B9A-8507-DBECD539FA87}
		{EEE4B4C9-6E1B-4A2C-833F-27ADB9AA41A3} = {A551C833-2717-4B9A-8507-DBECD539FA87}
		{05F020F1-54AE-458A-A7F4-BFFB53510FA7} = {A551C833-2717-4B9A-8507-DBECD539FA87}
		{9EDAFB12-CD99-44D9-A4A4-EE59BA1FD069} = {CDD85B23-7B21-4EFA-8CA4-712156063348}
		{62F19642-C032-4846-9522-3D5DF406251D} = {CDD85B23-7B21-4EFA-8CA4-712156063348}
		{43A9F41E-CF43-4A7E-9613-3C7A48D40F39} = {CDD85B23-7B21-4EFA-8CA4-712156063348}
		{E3353A70-B3E3-42F7-B869-36999AD85EFD} = {EBB9652B-E5FE-401C-9C15-5A2141CC1E4C}
		{AEB5D6D2-9CC3-4AFC-A36A-9656E980736E} = {EBB9652B-E5FE-401C-9C15-5A2141CC1E4C}
		{9AD02807-8B43-4E7A-B4F6-869DEA9CCE09} = {EBB9652B-E5FE-401C-9C15-5A2141CC1E4C}
		{125876F7-D040-4DD3-8036-C248F36FCA8E} = {59FAF754-A197-476A-A03E-93636C56EF03}
		{3680599C-A517-478B-9EEA-F92B3C698820} = {59FAF754-A197-476A-A03E-93636C56EF03}
		{11A4DE6F-1A3C-4C51-8628-2A1DB9960EA7} = {59FAF754-A197-476A-A03E-93636C56EF03}
		{90AC1BE6-140E-41BF-B76F-193EC754CA5E} = {19C31C01-DDB4-411B-B571-283E149242BE}
		{37CB2F99-A9A1-4EA6-B409-35BC83B170E3} = {19C31C01-DDB4-411B-B571-283E149242BE}
		{991E3D62-00F5-4474-8ABB-0B9C3086EED7} = {19C31C01-DDB4-411B-B571-283E149242BE}
		{EF58A821-55D4-4476-9B65-CA095676A253} = {FE514CA3-6261-4EC4-ADA6-CF9ABA7C7480}
		{E801DB8D-8E98-4B75-97CA-0E369EE1BD9D} = {FE514CA3-6261-4EC4-ADA6-CF9ABA7C7480}
		{9B9652B9-F54E-4DD3-8735-52252825454E} = {FE514CA3-6261-4EC4-ADA6-CF9ABA7C7480}
	EndGlobalSection
	GlobalSection(ExtensibilityGlobals) = postSolution
		SolutionGuid = {1ADE964A-435A-4DE7-AA35-630257799F0B}
	EndGlobalSection
EndGlobal
